// !$*UTF8*$!
{
	archiveVersion = 1;
	classes = {
	};
	objectVersion = 56;
	objects = {

/* Begin PBXBuildFile section */
		22DD911A2DE8904500BBB758 /* AppDelegate.swift in Sources */ = {isa = PBXBuildFile; fileRef = 22DD91192DE8904500BBB758 /* AppDelegate.swift */; };
		22DD911C2DE8904500BBB758 /* SceneDelegate.swift in Sources */ = {isa = PBXBuildFile; fileRef = 22DD911B2DE8904500BBB758 /* SceneDelegate.swift */; };
		22DD911E2DE8904500BBB758 /* ViewController.swift in Sources */ = {isa = PBXBuildFile; fileRef = 22DD911D2DE8904500BBB758 /* ViewController.swift */; };
		22DD91212DE8904500BBB758 /* Main.storyboard in Resources */ = {isa = PBXBuildFile; fileRef = 22DD911F2DE8904500BBB758 /* Main.storyboard */; };
		22DD91242DE8904500BBB758 /* Sports_App.xcdatamodeld in Sources */ = {isa = PBXBuildFile; fileRef = 22DD91222DE8904500BBB758 /* Sports_App.xcdatamodeld */; };
		22DD91262DE8904700BBB758 /* Assets.xcassets in Resources */ = {isa = PBXBuildFile; fileRef = 22DD91252DE8904700BBB758 /* Assets.xcassets */; };
		22DD91292DE8904700BBB758 /* LaunchScreen.storyboard in Resources */ = {isa = PBXBuildFile; fileRef = 22DD91272DE8904700BBB758 /* LaunchScreen.storyboard */; };
		22DD91342DE8904700BBB758 /* Sports_AppTests.swift in Sources */ = {isa = PBXBuildFile; fileRef = 22DD91332DE8904700BBB758 /* Sports_AppTests.swift */; };
		22DD913E2DE8904700BBB758 /* Sports_AppUITests.swift in Sources */ = {isa = PBXBuildFile; fileRef = 22DD913D2DE8904700BBB758 /* Sports_AppUITests.swift */; };
		22DD91402DE8904800BBB758 /* Sports_AppUITestsLaunchTests.swift in Sources */ = {isa = PBXBuildFile; fileRef = 22DD913F2DE8904800BBB758 /* Sports_AppUITestsLaunchTests.swift */; };
		22DD91552DE8921200BBB758 /* Kingfisher in Frameworks */ = {isa = PBXBuildFile; productRef = 22DD91542DE8921200BBB758 /* Kingfisher */; };
		22DD91592DE89A9000BBB758 /* Alamofire in Frameworks */ = {isa = PBXBuildFile; productRef = 22DD91582DE89A9000BBB758 /* Alamofire */; };
		22DD916A2DE8CA0A00BBB758 /* LeaguesTableViewController.swift in Sources */ = {isa = PBXBuildFile; fileRef = 22DD91682DE8CA0A00BBB758 /* LeaguesTableViewController.swift */; };
		22DD916B2DE8CA0A00BBB758 /* LeaguesTableViewController.xib in Resources */ = {isa = PBXBuildFile; fileRef = 22DD91692DE8CA0A00BBB758 /* LeaguesTableViewController.xib */; };
		22DD917B2DE8CCC300BBB758 /* LeagueTableViewCell.swift in Sources */ = {isa = PBXBuildFile; fileRef = 22DD91792DE8CCC300BBB758 /* LeagueTableViewCell.swift */; };
		22DD917C2DE8CCC300BBB758 /* LeagueTableViewCell.xib in Resources */ = {isa = PBXBuildFile; fileRef = 22DD917A2DE8CCC300BBB758 /* LeagueTableViewCell.xib */; };
		22DD91802DE8D42200BBB758 /* FootballLeague.swift in Sources */ = {isa = PBXBuildFile; fileRef = 22DD917F2DE8D42200BBB758 /* FootballLeague.swift */; };
		22DD91822DE8D44600BBB758 /* FootballLeagueResponse.swift in Sources */ = {isa = PBXBuildFile; fileRef = 22DD91812DE8D44600BBB758 /* FootballLeagueResponse.swift */; };
		22DD91872DE8DC2300BBB758 /* APIConstants.swift in Sources */ = {isa = PBXBuildFile; fileRef = 22DD91862DE8DC2300BBB758 /* APIConstants.swift */; };
		22DD91892DE8DCE700BBB758 /* FootballNetworkService.swift in Sources */ = {isa = PBXBuildFile; fileRef = 22DD91882DE8DCE700BBB758 /* FootballNetworkService.swift */; };
		22DD918D2DE8DF8A00BBB758 /* FootballNetworkProtocol.swift in Sources */ = {isa = PBXBuildFile; fileRef = 22DD918C2DE8DF8A00BBB758 /* FootballNetworkProtocol.swift */; };
		22DD918F2DE8E36200BBB758 /* FootballLeaguesPresenter.swift in Sources */ = {isa = PBXBuildFile; fileRef = 22DD918E2DE8E36200BBB758 /* FootballLeaguesPresenter.swift */; };
		22DD91912DE8E3D200BBB758 /* LeaguesProtocol.swift in Sources */ = {isa = PBXBuildFile; fileRef = 22DD91902DE8E3D200BBB758 /* LeaguesProtocol.swift */; };
		8A457C5B2DE923DC00D090F9 /* Sport.swift in Sources */ = {isa = PBXBuildFile; fileRef = 8A457C5A2DE923DC00D090F9 /* Sport.swift */; };
		8A457C602DE951DF00D090F9 /* BasketballResponse.swift in Sources */ = {isa = PBXBuildFile; fileRef = 8A457C5F2DE951DF00D090F9 /* BasketballResponse.swift */; };
		8A457C622DE9526600D090F9 /* BasketballLeague.swift in Sources */ = {isa = PBXBuildFile; fileRef = 8A457C612DE9526600D090F9 /* BasketballLeague.swift */; };
		8A457C642DE9561400D090F9 /* CricketLeagueResponse.swift in Sources */ = {isa = PBXBuildFile; fileRef = 8A457C632DE9561400D090F9 /* CricketLeagueResponse.swift */; };
		8A457C672DE9564400D090F9 /* CricketLeague.swift in Sources */ = {isa = PBXBuildFile; fileRef = 8A457C662DE9564400D090F9 /* CricketLeague.swift */; };
		8ADDE0A22DE902340083F7B1 /* HomeCollectionViewController.swift in Sources */ = {isa = PBXBuildFile; fileRef = 8ADDE0A12DE902340083F7B1 /* HomeCollectionViewController.swift */; };
/* End PBXBuildFile section */

/* Begin PBXContainerItemProxy section */
		22DD91302DE8904700BBB758 /* PBXContainerItemProxy */ = {
			isa = PBXContainerItemProxy;
			containerPortal = 22DD910E2DE8904500BBB758 /* Project object */;
			proxyType = 1;
			remoteGlobalIDString = 22DD91152DE8904500BBB758;
			remoteInfo = "Sports-App";
		};
		22DD913A2DE8904700BBB758 /* PBXContainerItemProxy */ = {
			isa = PBXContainerItemProxy;
			containerPortal = 22DD910E2DE8904500BBB758 /* Project object */;
			proxyType = 1;
			remoteGlobalIDString = 22DD91152DE8904500BBB758;
			remoteInfo = "Sports-App";
		};
/* End PBXContainerItemProxy section */

/* Begin PBXFileReference section */
		22DD91162DE8904500BBB758 /* Sports-App.app */ = {isa = PBXFileReference; explicitFileType = wrapper.application; includeInIndex = 0; path = "Sports-App.app"; sourceTree = BUILT_PRODUCTS_DIR; };
		22DD91192DE8904500BBB758 /* AppDelegate.swift */ = {isa = PBXFileReference; lastKnownFileType = sourcecode.swift; path = AppDelegate.swift; sourceTree = "<group>"; };
		22DD911B2DE8904500BBB758 /* SceneDelegate.swift */ = {isa = PBXFileReference; lastKnownFileType = sourcecode.swift; path = SceneDelegate.swift; sourceTree = "<group>"; };
		22DD911D2DE8904500BBB758 /* ViewController.swift */ = {isa = PBXFileReference; lastKnownFileType = sourcecode.swift; path = ViewController.swift; sourceTree = "<group>"; };
		22DD91202DE8904500BBB758 /* Base */ = {isa = PBXFileReference; lastKnownFileType = file.storyboard; name = Base; path = Base.lproj/Main.storyboard; sourceTree = "<group>"; };
		22DD91232DE8904500BBB758 /* Sports_App.xcdatamodel */ = {isa = PBXFileReference; lastKnownFileType = wrapper.xcdatamodel; path = Sports_App.xcdatamodel; sourceTree = "<group>"; };
		22DD91252DE8904700BBB758 /* Assets.xcassets */ = {isa = PBXFileReference; lastKnownFileType = folder.assetcatalog; path = Assets.xcassets; sourceTree = "<group>"; };
		22DD91282DE8904700BBB758 /* Base */ = {isa = PBXFileReference; lastKnownFileType = file.storyboard; name = Base; path = Base.lproj/LaunchScreen.storyboard; sourceTree = "<group>"; };
		22DD912A2DE8904700BBB758 /* Info.plist */ = {isa = PBXFileReference; lastKnownFileType = text.plist.xml; path = Info.plist; sourceTree = "<group>"; };
		22DD912F2DE8904700BBB758 /* Sports-AppTests.xctest */ = {isa = PBXFileReference; explicitFileType = wrapper.cfbundle; includeInIndex = 0; path = "Sports-AppTests.xctest"; sourceTree = BUILT_PRODUCTS_DIR; };
		22DD91332DE8904700BBB758 /* Sports_AppTests.swift */ = {isa = PBXFileReference; lastKnownFileType = sourcecode.swift; path = Sports_AppTests.swift; sourceTree = "<group>"; };
		22DD91392DE8904700BBB758 /* Sports-AppUITests.xctest */ = {isa = PBXFileReference; explicitFileType = wrapper.cfbundle; includeInIndex = 0; path = "Sports-AppUITests.xctest"; sourceTree = BUILT_PRODUCTS_DIR; };
		22DD913D2DE8904700BBB758 /* Sports_AppUITests.swift */ = {isa = PBXFileReference; lastKnownFileType = sourcecode.swift; path = Sports_AppUITests.swift; sourceTree = "<group>"; };
		22DD913F2DE8904800BBB758 /* Sports_AppUITestsLaunchTests.swift */ = {isa = PBXFileReference; lastKnownFileType = sourcecode.swift; path = Sports_AppUITestsLaunchTests.swift; sourceTree = "<group>"; };
		22DD91682DE8CA0A00BBB758 /* LeaguesTableViewController.swift */ = {isa = PBXFileReference; lastKnownFileType = sourcecode.swift; path = LeaguesTableViewController.swift; sourceTree = "<group>"; };
		22DD91692DE8CA0A00BBB758 /* LeaguesTableViewController.xib */ = {isa = PBXFileReference; lastKnownFileType = file.xib; path = LeaguesTableViewController.xib; sourceTree = "<group>"; };
		22DD91792DE8CCC300BBB758 /* LeagueTableViewCell.swift */ = {isa = PBXFileReference; lastKnownFileType = sourcecode.swift; path = LeagueTableViewCell.swift; sourceTree = "<group>"; };
		22DD917A2DE8CCC300BBB758 /* LeagueTableViewCell.xib */ = {isa = PBXFileReference; lastKnownFileType = file.xib; path = LeagueTableViewCell.xib; sourceTree = "<group>"; };
		22DD917F2DE8D42200BBB758 /* FootballLeague.swift */ = {isa = PBXFileReference; lastKnownFileType = sourcecode.swift; path = FootballLeague.swift; sourceTree = "<group>"; };
		22DD91812DE8D44600BBB758 /* FootballLeagueResponse.swift */ = {isa = PBXFileReference; lastKnownFileType = sourcecode.swift; path = FootballLeagueResponse.swift; sourceTree = "<group>"; };
		22DD91862DE8DC2300BBB758 /* APIConstants.swift */ = {isa = PBXFileReference; lastKnownFileType = sourcecode.swift; path = APIConstants.swift; sourceTree = "<group>"; };
		22DD91882DE8DCE700BBB758 /* FootballNetworkService.swift */ = {isa = PBXFileReference; lastKnownFileType = sourcecode.swift; path = FootballNetworkService.swift; sourceTree = "<group>"; };
		22DD918C2DE8DF8A00BBB758 /* FootballNetworkProtocol.swift */ = {isa = PBXFileReference; lastKnownFileType = sourcecode.swift; path = FootballNetworkProtocol.swift; sourceTree = "<group>"; };
		22DD918E2DE8E36200BBB758 /* FootballLeaguesPresenter.swift */ = {isa = PBXFileReference; lastKnownFileType = sourcecode.swift; path = FootballLeaguesPresenter.swift; sourceTree = "<group>"; };
		22DD91902DE8E3D200BBB758 /* LeaguesProtocol.swift */ = {isa = PBXFileReference; lastKnownFileType = sourcecode.swift; path = LeaguesProtocol.swift; sourceTree = "<group>"; };
		8A457C5A2DE923DC00D090F9 /* Sport.swift */ = {isa = PBXFileReference; lastKnownFileType = sourcecode.swift; path = Sport.swift; sourceTree = "<group>"; };
		8A457C5F2DE951DF00D090F9 /* BasketballResponse.swift */ = {isa = PBXFileReference; lastKnownFileType = sourcecode.swift; path = BasketballResponse.swift; sourceTree = "<group>"; };
		8A457C612DE9526600D090F9 /* BasketballLeague.swift */ = {isa = PBXFileReference; lastKnownFileType = sourcecode.swift; path = BasketballLeague.swift; sourceTree = "<group>"; };
		8A457C632DE9561400D090F9 /* CricketLeagueResponse.swift */ = {isa = PBXFileReference; lastKnownFileType = sourcecode.swift; path = CricketLeagueResponse.swift; sourceTree = "<group>"; };
		8A457C662DE9564400D090F9 /* CricketLeague.swift */ = {isa = PBXFileReference; lastKnownFileType = sourcecode.swift; path = CricketLeague.swift; sourceTree = "<group>"; };
		8ADDE0A12DE902340083F7B1 /* HomeCollectionViewController.swift */ = {isa = PBXFileReference; lastKnownFileType = sourcecode.swift; path = HomeCollectionViewController.swift; sourceTree = "<group>"; };
/* End PBXFileReference section */

/* Begin PBXFrameworksBuildPhase section */
		22DD91132DE8904500BBB758 /* Frameworks */ = {
			isa = PBXFrameworksBuildPhase;
			buildActionMask = 2147483647;
			files = (
				22DD91552DE8921200BBB758 /* Kingfisher in Frameworks */,
				22DD91592DE89A9000BBB758 /* Alamofire in Frameworks */,
			);
			runOnlyForDeploymentPostprocessing = 0;
		};
		22DD912C2DE8904700BBB758 /* Frameworks */ = {
			isa = PBXFrameworksBuildPhase;
			buildActionMask = 2147483647;
			files = (
			);
			runOnlyForDeploymentPostprocessing = 0;
		};
		22DD91362DE8904700BBB758 /* Frameworks */ = {
			isa = PBXFrameworksBuildPhase;
			buildActionMask = 2147483647;
			files = (
			);
			runOnlyForDeploymentPostprocessing = 0;
		};
/* End PBXFrameworksBuildPhase section */

/* Begin PBXGroup section */
		22DD910D2DE8904500BBB758 = {
			isa = PBXGroup;
			children = (
				22DD91182DE8904500BBB758 /* Sports-App */,
				22DD91322DE8904700BBB758 /* Sports-AppTests */,
				22DD913C2DE8904700BBB758 /* Sports-AppUITests */,
				22DD91172DE8904500BBB758 /* Products */,
			);
			sourceTree = "<group>";
		};
		22DD91172DE8904500BBB758 /* Products */ = {
			isa = PBXGroup;
			children = (
				22DD91162DE8904500BBB758 /* Sports-App.app */,
				22DD912F2DE8904700BBB758 /* Sports-AppTests.xctest */,
				22DD91392DE8904700BBB758 /* Sports-AppUITests.xctest */,
			);
			name = Products;
			sourceTree = "<group>";
		};
		22DD91182DE8904500BBB758 /* Sports-App */ = {
			isa = PBXGroup;
			children = (
				22DD91562DE8922200BBB758 /* Utils */,
				22DD91502DE8908C00BBB758 /* Resources */,
				22DD914F2DE8908500BBB758 /* App */,
				22DD914E2DE8907B00BBB758 /* View */,
				22DD914D2DE8907000BBB758 /* Presenter */,
				22DD914C2DE8906200BBB758 /* Model */,
				22DD912A2DE8904700BBB758 /* Info.plist */,
				22DD91222DE8904500BBB758 /* Sports_App.xcdatamodeld */,
			);
			path = "Sports-App";
			sourceTree = "<group>";
		};
		22DD91322DE8904700BBB758 /* Sports-AppTests */ = {
			isa = PBXGroup;
			children = (
				22DD91332DE8904700BBB758 /* Sports_AppTests.swift */,
			);
			path = "Sports-AppTests";
			sourceTree = "<group>";
		};
		22DD913C2DE8904700BBB758 /* Sports-AppUITests */ = {
			isa = PBXGroup;
			children = (
				22DD913D2DE8904700BBB758 /* Sports_AppUITests.swift */,
				22DD913F2DE8904800BBB758 /* Sports_AppUITestsLaunchTests.swift */,
			);
			path = "Sports-AppUITests";
			sourceTree = "<group>";
		};
		22DD914C2DE8906200BBB758 /* Model */ = {
			isa = PBXGroup;
			children = (
				22DD917D2DE8D36700BBB758 /* POJOS */,
				22DD91522DE8910500BBB758 /* NetworkService */,
			);
			path = Model;
			sourceTree = "<group>";
		};
		22DD914D2DE8907000BBB758 /* Presenter */ = {
			isa = PBXGroup;
			children = (
				22DD918E2DE8E36200BBB758 /* FootballLeaguesPresenter.swift */,
			);
			path = Presenter;
			sourceTree = "<group>";
		};
		22DD914E2DE8907B00BBB758 /* View */ = {
			isa = PBXGroup;
			children = (
				22DD91652DE8C96900BBB758 /* CustomCells */,
				22DD91602DE8BF5300BBB758 /* Screens */,
				22DD911F2DE8904500BBB758 /* Main.storyboard */,
			);
			path = View;
			sourceTree = "<group>";
		};
		22DD914F2DE8908500BBB758 /* App */ = {
			isa = PBXGroup;
			children = (
				22DD911B2DE8904500BBB758 /* SceneDelegate.swift */,
				22DD91192DE8904500BBB758 /* AppDelegate.swift */,
			);
			path = App;
			sourceTree = "<group>";
		};
		22DD91502DE8908C00BBB758 /* Resources */ = {
			isa = PBXGroup;
			children = (
				22DD91252DE8904700BBB758 /* Assets.xcassets */,
				22DD91272DE8904700BBB758 /* LaunchScreen.storyboard */,
			);
			path = Resources;
			sourceTree = "<group>";
		};
		22DD91512DE890A500BBB758 /* Controllers */ = {
			isa = PBXGroup;
			children = (
				22DD911D2DE8904500BBB758 /* ViewController.swift */,
			);
			path = Controllers;
			sourceTree = "<group>";
		};
		22DD91522DE8910500BBB758 /* NetworkService */ = {
			isa = PBXGroup;
			children = (
				22DD91882DE8DCE700BBB758 /* FootballNetworkService.swift */,
			);
			path = NetworkService;
			sourceTree = "<group>";
		};
		22DD91562DE8922200BBB758 /* Utils */ = {
			isa = PBXGroup;
			children = (
				22DD918B2DE8DF7300BBB758 /* Protocols */,
				22DD918A2DE8DF6100BBB758 /* Constants */,
			);
			path = Utils;
			sourceTree = "<group>";
		};
		22DD91602DE8BF5300BBB758 /* Screens */ = {
			isa = PBXGroup;
			children = (
				8ADDE0A02DE901F40083F7B1 /* Home */,
				22DD91962DE8F0C400BBB758 /* Leagues */,
				22DD91512DE890A500BBB758 /* Controllers */,
			);
			path = Screens;
			sourceTree = "<group>";
		};
		22DD91652DE8C96900BBB758 /* CustomCells */ = {
			isa = PBXGroup;
			children = (
				22DD91722DE8CB0C00BBB758 /* Cells */,
				22DD91702DE8CA8C00BBB758 /* Controllers */,
			);
			path = CustomCells;
			sourceTree = "<group>";
		};
		22DD91702DE8CA8C00BBB758 /* Controllers */ = {
			isa = PBXGroup;
			children = (
				22DD91792DE8CCC300BBB758 /* LeagueTableViewCell.swift */,
			);
			path = Controllers;
			sourceTree = "<group>";
		};
		22DD91722DE8CB0C00BBB758 /* Cells */ = {
			isa = PBXGroup;
			children = (
				22DD917A2DE8CCC300BBB758 /* LeagueTableViewCell.xib */,
			);
			path = Cells;
			sourceTree = "<group>";
		};
		22DD917D2DE8D36700BBB758 /* POJOS */ = {
			isa = PBXGroup;
			children = (
				8A457C5E2DE951A100D090F9 /* Basketball */,
				8A457C592DE923BB00D090F9 /* Sports */,
				22DD917E2DE8D37C00BBB758 /* Football */,
				8A457C652DE9562D00D090F9 /* Cricket */,
			);
			path = POJOS;
			sourceTree = "<group>";
		};
		22DD917E2DE8D37C00BBB758 /* Football */ = {
			isa = PBXGroup;
			children = (
				22DD917F2DE8D42200BBB758 /* FootballLeague.swift */,
				22DD91812DE8D44600BBB758 /* FootballLeagueResponse.swift */,
			);
			path = Football;
			sourceTree = "<group>";
		};
		22DD918A2DE8DF6100BBB758 /* Constants */ = {
			isa = PBXGroup;
			children = (
				22DD91862DE8DC2300BBB758 /* APIConstants.swift */,
			);
			path = Constants;
			sourceTree = "<group>";
		};
		22DD918B2DE8DF7300BBB758 /* Protocols */ = {
			isa = PBXGroup;
			children = (
				22DD918C2DE8DF8A00BBB758 /* FootballNetworkProtocol.swift */,
				22DD91902DE8E3D200BBB758 /* LeaguesProtocol.swift */,
			);
			path = Protocols;
			sourceTree = "<group>";
		};
		22DD91962DE8F0C400BBB758 /* Leagues */ = {
			isa = PBXGroup;
			children = (
				22DD91682DE8CA0A00BBB758 /* LeaguesTableViewController.swift */,
				22DD91692DE8CA0A00BBB758 /* LeaguesTableViewController.xib */,
			);
			path = Leagues;
			sourceTree = "<group>";
		};
		8A457C592DE923BB00D090F9 /* Sports */ = {
			isa = PBXGroup;
			children = (
				8A457C5A2DE923DC00D090F9 /* Sport.swift */,
			);
			path = Sports;
			sourceTree = "<group>";
		};
		8A457C5E2DE951A100D090F9 /* Basketball */ = {
			isa = PBXGroup;
			children = (
				8A457C5F2DE951DF00D090F9 /* BasketballResponse.swift */,
				8A457C612DE9526600D090F9 /* BasketballLeague.swift */,
			);
			path = Basketball;
			sourceTree = "<group>";
		};
		8A457C652DE9562D00D090F9 /* Cricket */ = {
			isa = PBXGroup;
			children = (
				8A457C632DE9561400D090F9 /* CricketLeagueResponse.swift */,
				8A457C662DE9564400D090F9 /* CricketLeague.swift */,
			);
			path = Cricket;
			sourceTree = "<group>";
		};
		8ADDE0A02DE901F40083F7B1 /* Home */ = {
			isa = PBXGroup;
			children = (
				8ADDE0A12DE902340083F7B1 /* HomeCollectionViewController.swift */,
			);
			path = Home;
			sourceTree = "<group>";
		};
/* End PBXGroup section */

/* Begin PBXNativeTarget section */
		22DD91152DE8904500BBB758 /* Sports-App */ = {
			isa = PBXNativeTarget;
			buildConfigurationList = 22DD91432DE8904800BBB758 /* Build configuration list for PBXNativeTarget "Sports-App" */;
			buildPhases = (
				22DD91122DE8904500BBB758 /* Sources */,
				22DD91132DE8904500BBB758 /* Frameworks */,
				22DD91142DE8904500BBB758 /* Resources */,
			);
			buildRules = (
			);
			dependencies = (
			);
			name = "Sports-App";
			packageProductDependencies = (
				22DD91542DE8921200BBB758 /* Kingfisher */,
				22DD91582DE89A9000BBB758 /* Alamofire */,
			);
			productName = "Sports-App";
			productReference = 22DD91162DE8904500BBB758 /* Sports-App.app */;
			productType = "com.apple.product-type.application";
		};
		22DD912E2DE8904700BBB758 /* Sports-AppTests */ = {
			isa = PBXNativeTarget;
			buildConfigurationList = 22DD91462DE8904800BBB758 /* Build configuration list for PBXNativeTarget "Sports-AppTests" */;
			buildPhases = (
				22DD912B2DE8904700BBB758 /* Sources */,
				22DD912C2DE8904700BBB758 /* Frameworks */,
				22DD912D2DE8904700BBB758 /* Resources */,
			);
			buildRules = (
			);
			dependencies = (
				22DD91312DE8904700BBB758 /* PBXTargetDependency */,
			);
			name = "Sports-AppTests";
			productName = "Sports-AppTests";
			productReference = 22DD912F2DE8904700BBB758 /* Sports-AppTests.xctest */;
			productType = "com.apple.product-type.bundle.unit-test";
		};
		22DD91382DE8904700BBB758 /* Sports-AppUITests */ = {
			isa = PBXNativeTarget;
			buildConfigurationList = 22DD91492DE8904800BBB758 /* Build configuration list for PBXNativeTarget "Sports-AppUITests" */;
			buildPhases = (
				22DD91352DE8904700BBB758 /* Sources */,
				22DD91362DE8904700BBB758 /* Frameworks */,
				22DD91372DE8904700BBB758 /* Resources */,
			);
			buildRules = (
			);
			dependencies = (
				22DD913B2DE8904700BBB758 /* PBXTargetDependency */,
			);
			name = "Sports-AppUITests";
			productName = "Sports-AppUITests";
			productReference = 22DD91392DE8904700BBB758 /* Sports-AppUITests.xctest */;
			productType = "com.apple.product-type.bundle.ui-testing";
		};
/* End PBXNativeTarget section */

/* Begin PBXProject section */
		22DD910E2DE8904500BBB758 /* Project object */ = {
			isa = PBXProject;
			attributes = {
				BuildIndependentTargetsInParallel = 1;
				LastSwiftUpdateCheck = 1430;
				LastUpgradeCheck = 1430;
				TargetAttributes = {
					22DD91152DE8904500BBB758 = {
						CreatedOnToolsVersion = 14.3.1;
					};
					22DD912E2DE8904700BBB758 = {
						CreatedOnToolsVersion = 14.3.1;
						TestTargetID = 22DD91152DE8904500BBB758;
					};
					22DD91382DE8904700BBB758 = {
						CreatedOnToolsVersion = 14.3.1;
						TestTargetID = 22DD91152DE8904500BBB758;
					};
				};
			};
			buildConfigurationList = 22DD91112DE8904500BBB758 /* Build configuration list for PBXProject "Sports-App" */;
			compatibilityVersion = "Xcode 14.0";
			developmentRegion = en;
			hasScannedForEncodings = 0;
			knownRegions = (
				en,
				Base,
			);
			mainGroup = 22DD910D2DE8904500BBB758;
			packageReferences = (
				22DD91532DE8921200BBB758 /* XCRemoteSwiftPackageReference "Kingfisher" */,
				22DD91572DE89A9000BBB758 /* XCRemoteSwiftPackageReference "Alamofire" */,
			);
			productRefGroup = 22DD91172DE8904500BBB758 /* Products */;
			projectDirPath = "";
			projectRoot = "";
			targets = (
				22DD91152DE8904500BBB758 /* Sports-App */,
				22DD912E2DE8904700BBB758 /* Sports-AppTests */,
				22DD91382DE8904700BBB758 /* Sports-AppUITests */,
			);
		};
/* End PBXProject section */

/* Begin PBXResourcesBuildPhase section */
		22DD91142DE8904500BBB758 /* Resources */ = {
			isa = PBXResourcesBuildPhase;
			buildActionMask = 2147483647;
			files = (
				22DD916B2DE8CA0A00BBB758 /* LeaguesTableViewController.xib in Resources */,
				22DD91292DE8904700BBB758 /* LaunchScreen.storyboard in Resources */,
				22DD917C2DE8CCC300BBB758 /* LeagueTableViewCell.xib in Resources */,
				22DD91262DE8904700BBB758 /* Assets.xcassets in Resources */,
				22DD91212DE8904500BBB758 /* Main.storyboard in Resources */,
			);
			runOnlyForDeploymentPostprocessing = 0;
		};
		22DD912D2DE8904700BBB758 /* Resources */ = {
			isa = PBXResourcesBuildPhase;
			buildActionMask = 2147483647;
			files = (
			);
			runOnlyForDeploymentPostprocessing = 0;
		};
		22DD91372DE8904700BBB758 /* Resources */ = {
			isa = PBXResourcesBuildPhase;
			buildActionMask = 2147483647;
			files = (
			);
			runOnlyForDeploymentPostprocessing = 0;
		};
/* End PBXResourcesBuildPhase section */

/* Begin PBXSourcesBuildPhase section */
		22DD91122DE8904500BBB758 /* Sources */ = {
			isa = PBXSourcesBuildPhase;
			buildActionMask = 2147483647;
			files = (
				22DD91892DE8DCE700BBB758 /* FootballNetworkService.swift in Sources */,
				22DD911E2DE8904500BBB758 /* ViewController.swift in Sources */,
				22DD918F2DE8E36200BBB758 /* FootballLeaguesPresenter.swift in Sources */,
				8A457C642DE9561400D090F9 /* CricketLeagueResponse.swift in Sources */,
				8A457C622DE9526600D090F9 /* BasketballLeague.swift in Sources */,
				22DD911A2DE8904500BBB758 /* AppDelegate.swift in Sources */,
				22DD91802DE8D42200BBB758 /* FootballLeague.swift in Sources */,
				22DD91912DE8E3D200BBB758 /* LeaguesProtocol.swift in Sources */,
				8A457C672DE9564400D090F9 /* CricketLeague.swift in Sources */,
				22DD91242DE8904500BBB758 /* Sports_App.xcdatamodeld in Sources */,
				8A457C602DE951DF00D090F9 /* BasketballResponse.swift in Sources */,
				22DD91822DE8D44600BBB758 /* FootballLeagueResponse.swift in Sources */,
				22DD91872DE8DC2300BBB758 /* APIConstants.swift in Sources */,
				22DD916A2DE8CA0A00BBB758 /* LeaguesTableViewController.swift in Sources */,
				8A457C5B2DE923DC00D090F9 /* Sport.swift in Sources */,
				22DD918D2DE8DF8A00BBB758 /* FootballNetworkProtocol.swift in Sources */,
				8ADDE0A22DE902340083F7B1 /* HomeCollectionViewController.swift in Sources */,
				22DD917B2DE8CCC300BBB758 /* LeagueTableViewCell.swift in Sources */,
				22DD911C2DE8904500BBB758 /* SceneDelegate.swift in Sources */,
			);
			runOnlyForDeploymentPostprocessing = 0;
		};
		22DD912B2DE8904700BBB758 /* Sources */ = {
			isa = PBXSourcesBuildPhase;
			buildActionMask = 2147483647;
			files = (
				22DD91342DE8904700BBB758 /* Sports_AppTests.swift in Sources */,
			);
			runOnlyForDeploymentPostprocessing = 0;
		};
		22DD91352DE8904700BBB758 /* Sources */ = {
			isa = PBXSourcesBuildPhase;
			buildActionMask = 2147483647;
			files = (
				22DD913E2DE8904700BBB758 /* Sports_AppUITests.swift in Sources */,
				22DD91402DE8904800BBB758 /* Sports_AppUITestsLaunchTests.swift in Sources */,
			);
			runOnlyForDeploymentPostprocessing = 0;
		};
/* End PBXSourcesBuildPhase section */

/* Begin PBXTargetDependency section */
		22DD91312DE8904700BBB758 /* PBXTargetDependency */ = {
			isa = PBXTargetDependency;
			target = 22DD91152DE8904500BBB758 /* Sports-App */;
			targetProxy = 22DD91302DE8904700BBB758 /* PBXContainerItemProxy */;
		};
		22DD913B2DE8904700BBB758 /* PBXTargetDependency */ = {
			isa = PBXTargetDependency;
			target = 22DD91152DE8904500BBB758 /* Sports-App */;
			targetProxy = 22DD913A2DE8904700BBB758 /* PBXContainerItemProxy */;
		};
/* End PBXTargetDependency section */

/* Begin PBXVariantGroup section */
		22DD911F2DE8904500BBB758 /* Main.storyboard */ = {
			isa = PBXVariantGroup;
			children = (
				22DD91202DE8904500BBB758 /* Base */,
			);
			name = Main.storyboard;
			sourceTree = "<group>";
		};
		22DD91272DE8904700BBB758 /* LaunchScreen.storyboard */ = {
			isa = PBXVariantGroup;
			children = (
				22DD91282DE8904700BBB758 /* Base */,
			);
			name = LaunchScreen.storyboard;
			sourceTree = "<group>";
		};
/* End PBXVariantGroup section */

/* Begin XCBuildConfiguration section */
		22DD91412DE8904800BBB758 /* Debug */ = {
			isa = XCBuildConfiguration;
			buildSettings = {
				ALWAYS_SEARCH_USER_PATHS = NO;
				CLANG_ANALYZER_NONNULL = YES;
				CLANG_ANALYZER_NUMBER_OBJECT_CONVERSION = YES_AGGRESSIVE;
				CLANG_CXX_LANGUAGE_STANDARD = "gnu++20";
				CLANG_ENABLE_MODULES = YES;
				CLANG_ENABLE_OBJC_ARC = YES;
				CLANG_ENABLE_OBJC_WEAK = YES;
				CLANG_WARN_BLOCK_CAPTURE_AUTORELEASING = YES;
				CLANG_WARN_BOOL_CONVERSION = YES;
				CLANG_WARN_COMMA = YES;
				CLANG_WARN_CONSTANT_CONVERSION = YES;
				CLANG_WARN_DEPRECATED_OBJC_IMPLEMENTATIONS = YES;
				CLANG_WARN_DIRECT_OBJC_ISA_USAGE = YES_ERROR;
				CLANG_WARN_DOCUMENTATION_COMMENTS = YES;
				CLANG_WARN_EMPTY_BODY = YES;
				CLANG_WARN_ENUM_CONVERSION = YES;
				CLANG_WARN_INFINITE_RECURSION = YES;
				CLANG_WARN_INT_CONVERSION = YES;
				CLANG_WARN_NON_LITERAL_NULL_CONVERSION = YES;
				CLANG_WARN_OBJC_IMPLICIT_RETAIN_SELF = YES;
				CLANG_WARN_OBJC_LITERAL_CONVERSION = YES;
				CLANG_WARN_OBJC_ROOT_CLASS = YES_ERROR;
				CLANG_WARN_QUOTED_INCLUDE_IN_FRAMEWORK_HEADER = YES;
				CLANG_WARN_RANGE_LOOP_ANALYSIS = YES;
				CLANG_WARN_STRICT_PROTOTYPES = YES;
				CLANG_WARN_SUSPICIOUS_MOVE = YES;
				CLANG_WARN_UNGUARDED_AVAILABILITY = YES_AGGRESSIVE;
				CLANG_WARN_UNREACHABLE_CODE = YES;
				CLANG_WARN__DUPLICATE_METHOD_MATCH = YES;
				COPY_PHASE_STRIP = NO;
				DEBUG_INFORMATION_FORMAT = dwarf;
				ENABLE_STRICT_OBJC_MSGSEND = YES;
				ENABLE_TESTABILITY = YES;
				GCC_C_LANGUAGE_STANDARD = gnu11;
				GCC_DYNAMIC_NO_PIC = NO;
				GCC_NO_COMMON_BLOCKS = YES;
				GCC_OPTIMIZATION_LEVEL = 0;
				GCC_PREPROCESSOR_DEFINITIONS = (
					"DEBUG=1",
					"$(inherited)",
				);
				GCC_WARN_64_TO_32_BIT_CONVERSION = YES;
				GCC_WARN_ABOUT_RETURN_TYPE = YES_ERROR;
				GCC_WARN_UNDECLARED_SELECTOR = YES;
				GCC_WARN_UNINITIALIZED_AUTOS = YES_AGGRESSIVE;
				GCC_WARN_UNUSED_FUNCTION = YES;
				GCC_WARN_UNUSED_VARIABLE = YES;
				IPHONEOS_DEPLOYMENT_TARGET = 16.4;
				MTL_ENABLE_DEBUG_INFO = INCLUDE_SOURCE;
				MTL_FAST_MATH = YES;
				ONLY_ACTIVE_ARCH = YES;
				SDKROOT = iphoneos;
				SWIFT_ACTIVE_COMPILATION_CONDITIONS = DEBUG;
				SWIFT_OPTIMIZATION_LEVEL = "-Onone";
			};
			name = Debug;
		};
		22DD91422DE8904800BBB758 /* Release */ = {
			isa = XCBuildConfiguration;
			buildSettings = {
				ALWAYS_SEARCH_USER_PATHS = NO;
				CLANG_ANALYZER_NONNULL = YES;
				CLANG_ANALYZER_NUMBER_OBJECT_CONVERSION = YES_AGGRESSIVE;
				CLANG_CXX_LANGUAGE_STANDARD = "gnu++20";
				CLANG_ENABLE_MODULES = YES;
				CLANG_ENABLE_OBJC_ARC = YES;
				CLANG_ENABLE_OBJC_WEAK = YES;
				CLANG_WARN_BLOCK_CAPTURE_AUTORELEASING = YES;
				CLANG_WARN_BOOL_CONVERSION = YES;
				CLANG_WARN_COMMA = YES;
				CLANG_WARN_CONSTANT_CONVERSION = YES;
				CLANG_WARN_DEPRECATED_OBJC_IMPLEMENTATIONS = YES;
				CLANG_WARN_DIRECT_OBJC_ISA_USAGE = YES_ERROR;
				CLANG_WARN_DOCUMENTATION_COMMENTS = YES;
				CLANG_WARN_EMPTY_BODY = YES;
				CLANG_WARN_ENUM_CONVERSION = YES;
				CLANG_WARN_INFINITE_RECURSION = YES;
				CLANG_WARN_INT_CONVERSION = YES;
				CLANG_WARN_NON_LITERAL_NULL_CONVERSION = YES;
				CLANG_WARN_OBJC_IMPLICIT_RETAIN_SELF = YES;
				CLANG_WARN_OBJC_LITERAL_CONVERSION = YES;
				CLANG_WARN_OBJC_ROOT_CLASS = YES_ERROR;
				CLANG_WARN_QUOTED_INCLUDE_IN_FRAMEWORK_HEADER = YES;
				CLANG_WARN_RANGE_LOOP_ANALYSIS = YES;
				CLANG_WARN_STRICT_PROTOTYPES = YES;
				CLANG_WARN_SUSPICIOUS_MOVE = YES;
				CLANG_WARN_UNGUARDED_AVAILABILITY = YES_AGGRESSIVE;
				CLANG_WARN_UNREACHABLE_CODE = YES;
				CLANG_WARN__DUPLICATE_METHOD_MATCH = YES;
				COPY_PHASE_STRIP = NO;
				DEBUG_INFORMATION_FORMAT = "dwarf-with-dsym";
				ENABLE_NS_ASSERTIONS = NO;
				ENABLE_STRICT_OBJC_MSGSEND = YES;
				GCC_C_LANGUAGE_STANDARD = gnu11;
				GCC_NO_COMMON_BLOCKS = YES;
				GCC_WARN_64_TO_32_BIT_CONVERSION = YES;
				GCC_WARN_ABOUT_RETURN_TYPE = YES_ERROR;
				GCC_WARN_UNDECLARED_SELECTOR = YES;
				GCC_WARN_UNINITIALIZED_AUTOS = YES_AGGRESSIVE;
				GCC_WARN_UNUSED_FUNCTION = YES;
				GCC_WARN_UNUSED_VARIABLE = YES;
				IPHONEOS_DEPLOYMENT_TARGET = 16.4;
				MTL_ENABLE_DEBUG_INFO = NO;
				MTL_FAST_MATH = YES;
				SDKROOT = iphoneos;
				SWIFT_COMPILATION_MODE = wholemodule;
				SWIFT_OPTIMIZATION_LEVEL = "-O";
				VALIDATE_PRODUCT = YES;
			};
			name = Release;
		};
		22DD91442DE8904800BBB758 /* Debug */ = {
			isa = XCBuildConfiguration;
			buildSettings = {
				ASSETCATALOG_COMPILER_APPICON_NAME = AppIcon;
				ASSETCATALOG_COMPILER_GLOBAL_ACCENT_COLOR_NAME = AccentColor;
				CODE_SIGN_STYLE = Automatic;
				CURRENT_PROJECT_VERSION = 1;
				GENERATE_INFOPLIST_FILE = YES;
				INFOPLIST_FILE = "Sports-App/Info.plist";
				INFOPLIST_KEY_UIApplicationSupportsIndirectInputEvents = YES;
				INFOPLIST_KEY_UILaunchStoryboardName = LaunchScreen;
				INFOPLIST_KEY_UIMainStoryboardFile = Main;
				INFOPLIST_KEY_UISupportedInterfaceOrientations_iPad = "UIInterfaceOrientationPortrait UIInterfaceOrientationPortraitUpsideDown UIInterfaceOrientationLandscapeLeft UIInterfaceOrientationLandscapeRight";
				INFOPLIST_KEY_UISupportedInterfaceOrientations_iPhone = "UIInterfaceOrientationPortrait UIInterfaceOrientationLandscapeLeft UIInterfaceOrientationLandscapeRight";
				LD_RUNPATH_SEARCH_PATHS = (
					"$(inherited)",
					"@executable_path/Frameworks",
				);
				MARKETING_VERSION = 1.0;
				PRODUCT_BUNDLE_IDENTIFIER = "labs.Sports-App";
				PRODUCT_NAME = "$(TARGET_NAME)";
				SWIFT_EMIT_LOC_STRINGS = YES;
				SWIFT_VERSION = 5.0;
				TARGETED_DEVICE_FAMILY = "1,2";
			};
			name = Debug;
		};
		22DD91452DE8904800BBB758 /* Release */ = {
			isa = XCBuildConfiguration;
			buildSettings = {
				ASSETCATALOG_COMPILER_APPICON_NAME = AppIcon;
				ASSETCATALOG_COMPILER_GLOBAL_ACCENT_COLOR_NAME = AccentColor;
				CODE_SIGN_STYLE = Automatic;
				CURRENT_PROJECT_VERSION = 1;
				GENERATE_INFOPLIST_FILE = YES;
				INFOPLIST_FILE = "Sports-App/Info.plist";
				INFOPLIST_KEY_UIApplicationSupportsIndirectInputEvents = YES;
				INFOPLIST_KEY_UILaunchStoryboardName = LaunchScreen;
				INFOPLIST_KEY_UIMainStoryboardFile = Main;
				INFOPLIST_KEY_UISupportedInterfaceOrientations_iPad = "UIInterfaceOrientationPortrait UIInterfaceOrientationPortraitUpsideDown UIInterfaceOrientationLandscapeLeft UIInterfaceOrientationLandscapeRight";
				INFOPLIST_KEY_UISupportedInterfaceOrientations_iPhone = "UIInterfaceOrientationPortrait UIInterfaceOrientationLandscapeLeft UIInterfaceOrientationLandscapeRight";
				LD_RUNPATH_SEARCH_PATHS = (
					"$(inherited)",
					"@executable_path/Frameworks",
				);
				MARKETING_VERSION = 1.0;
				PRODUCT_BUNDLE_IDENTIFIER = "labs.Sports-App";
				PRODUCT_NAME = "$(TARGET_NAME)";
				SWIFT_EMIT_LOC_STRINGS = YES;
				SWIFT_VERSION = 5.0;
				TARGETED_DEVICE_FAMILY = "1,2";
			};
			name = Release;
		};
		22DD91472DE8904800BBB758 /* Debug */ = {
			isa = XCBuildConfiguration;
			buildSettings = {
				ALWAYS_EMBED_SWIFT_STANDARD_LIBRARIES = YES;
				BUNDLE_LOADER = "$(TEST_HOST)";
				CODE_SIGN_STYLE = Automatic;
				CURRENT_PROJECT_VERSION = 1;
				GENERATE_INFOPLIST_FILE = YES;
				IPHONEOS_DEPLOYMENT_TARGET = 16.4;
				MARKETING_VERSION = 1.0;
				PRODUCT_BUNDLE_IDENTIFIER = "labs.Sports-AppTests";
				PRODUCT_NAME = "$(TARGET_NAME)";
				SWIFT_EMIT_LOC_STRINGS = NO;
				SWIFT_VERSION = 5.0;
				TARGETED_DEVICE_FAMILY = "1,2";
				TEST_HOST = "$(BUILT_PRODUCTS_DIR)/Sports-App.app/$(BUNDLE_EXECUTABLE_FOLDER_PATH)/Sports-App";
			};
			name = Debug;
		};
		22DD91482DE8904800BBB758 /* Release */ = {
			isa = XCBuildConfiguration;
			buildSettings = {
				ALWAYS_EMBED_SWIFT_STANDARD_LIBRARIES = YES;
				BUNDLE_LOADER = "$(TEST_HOST)";
				CODE_SIGN_STYLE = Automatic;
				CURRENT_PROJECT_VERSION = 1;
				GENERATE_INFOPLIST_FILE = YES;
				IPHONEOS_DEPLOYMENT_TARGET = 16.4;
				MARKETING_VERSION = 1.0;
				PRODUCT_BUNDLE_IDENTIFIER = "labs.Sports-AppTests";
				PRODUCT_NAME = "$(TARGET_NAME)";
				SWIFT_EMIT_LOC_STRINGS = NO;
				SWIFT_VERSION = 5.0;
				TARGETED_DEVICE_FAMILY = "1,2";
				TEST_HOST = "$(BUILT_PRODUCTS_DIR)/Sports-App.app/$(BUNDLE_EXECUTABLE_FOLDER_PATH)/Sports-App";
			};
			name = Release;
		};
		22DD914A2DE8904800BBB758 /* Debug */ = {
			isa = XCBuildConfiguration;
			buildSettings = {
				ALWAYS_EMBED_SWIFT_STANDARD_LIBRARIES = YES;
				CODE_SIGN_STYLE = Automatic;
				CURRENT_PROJECT_VERSION = 1;
				GENERATE_INFOPLIST_FILE = YES;
				MARKETING_VERSION = 1.0;
				PRODUCT_BUNDLE_IDENTIFIER = "labs.Sports-AppUITests";
				PRODUCT_NAME = "$(TARGET_NAME)";
				SWIFT_EMIT_LOC_STRINGS = NO;
				SWIFT_VERSION = 5.0;
				TARGETED_DEVICE_FAMILY = "1,2";
				TEST_TARGET_NAME = "Sports-App";
			};
			name = Debug;
		};
		22DD914B2DE8904800BBB758 /* Release */ = {
			isa = XCBuildConfiguration;
			buildSettings = {
				ALWAYS_EMBED_SWIFT_STANDARD_LIBRARIES = YES;
				CODE_SIGN_STYLE = Automatic;
				CURRENT_PROJECT_VERSION = 1;
				GENERATE_INFOPLIST_FILE = YES;
				MARKETING_VERSION = 1.0;
				PRODUCT_BUNDLE_IDENTIFIER = "labs.Sports-AppUITests";
				PRODUCT_NAME = "$(TARGET_NAME)";
				SWIFT_EMIT_LOC_STRINGS = NO;
				SWIFT_VERSION = 5.0;
				TARGETED_DEVICE_FAMILY = "1,2";
				TEST_TARGET_NAME = "Sports-App";
			};
			name = Release;
		};
/* End XCBuildConfiguration section */

/* Begin XCConfigurationList section */
		22DD91112DE8904500BBB758 /* Build configuration list for PBXProject "Sports-App" */ = {
			isa = XCConfigurationList;
			buildConfigurations = (
				22DD91412DE8904800BBB758 /* Debug */,
				22DD91422DE8904800BBB758 /* Release */,
			);
			defaultConfigurationIsVisible = 0;
			defaultConfigurationName = Release;
		};
		22DD91432DE8904800BBB758 /* Build configuration list for PBXNativeTarget "Sports-App" */ = {
			isa = XCConfigurationList;
			buildConfigurations = (
				22DD91442DE8904800BBB758 /* Debug */,
				22DD91452DE8904800BBB758 /* Release */,
			);
			defaultConfigurationIsVisible = 0;
			defaultConfigurationName = Release;
		};
		22DD91462DE8904800BBB758 /* Build configuration list for PBXNativeTarget "Sports-AppTests" */ = {
			isa = XCConfigurationList;
			buildConfigurations = (
				22DD91472DE8904800BBB758 /* Debug */,
				22DD91482DE8904800BBB758 /* Release */,
			);
			defaultConfigurationIsVisible = 0;
			defaultConfigurationName = Release;
		};
		22DD91492DE8904800BBB758 /* Build configuration list for PBXNativeTarget "Sports-AppUITests" */ = {
			isa = XCConfigurationList;
			buildConfigurations = (
				22DD914A2DE8904800BBB758 /* Debug */,
				22DD914B2DE8904800BBB758 /* Release */,
			);
			defaultConfigurationIsVisible = 0;
			defaultConfigurationName = Release;
		};
/* End XCConfigurationList section */

/* Begin XCRemoteSwiftPackageReference section */
		22DD91532DE8921200BBB758 /* XCRemoteSwiftPackageReference "Kingfisher" */ = {
			isa = XCRemoteSwiftPackageReference;
			repositoryURL = "https://github.com/onevcat/Kingfisher";
			requirement = {
				kind = upToNextMajorVersion;
				minimumVersion = 7.11.0;
			};
		};
		22DD91572DE89A9000BBB758 /* XCRemoteSwiftPackageReference "Alamofire" */ = {
			isa = XCRemoteSwiftPackageReference;
			repositoryURL = "https://github.com/Alamofire/Alamofire.git";
			requirement = {
				kind = upToNextMajorVersion;
				minimumVersion = 5.9.0;
			};
		};
/* End XCRemoteSwiftPackageReference section */

/* Begin XCSwiftPackageProductDependency section */
		22DD91542DE8921200BBB758 /* Kingfisher */ = {
			isa = XCSwiftPackageProductDependency;
			package = 22DD91532DE8921200BBB758 /* XCRemoteSwiftPackageReference "Kingfisher" */;
			productName = Kingfisher;
		};
		22DD91582DE89A9000BBB758 /* Alamofire */ = {
			isa = XCSwiftPackageProductDependency;
			package = 22DD91572DE89A9000BBB758 /* XCRemoteSwiftPackageReference "Alamofire" */;
			productName = Alamofire;
		};
/* End XCSwiftPackageProductDependency section */

/* Begin XCVersionGroup section */
		22DD91222DE8904500BBB758 /* Sports_App.xcdatamodeld */ = {
			isa = XCVersionGroup;
			children = (
				22DD91232DE8904500BBB758 /* Sports_App.xcdatamodel */,
			);
			currentVersion = 22DD91232DE8904500BBB758 /* Sports_App.xcdatamodel */;
			path = Sports_App.xcdatamodeld;
			sourceTree = "<group>";
			versionGroupType = wrapper.xcdatamodel;
		};
/* End XCVersionGroup section */
	};
	rootObject = 22DD910E2DE8904500BBB758 /* Project object */;
}
